{
  "name": "spfx-ut-library",
  "version": "1.0.0",
  "lockfileVersion": 1,
  "requires": true,
  "dependencies": {
    "typescript": {
      "version": "4.4.4",
      "resolved": "https://pkgs.dev.azure.com/valointranet/_packaging/Valo/npm/registry/typescript/-/typescript-4.4.4.tgz",
      "integrity": "sha1-LNAaGh8WBwTTEB/VpY/w+fy4Aww="
    }
  }
}
